{
    "_meta": {
        "hash": {
            "sha256": "898eb10d31c85e5821d95848caef1aa27742ac53c5ccb42ea8edc5be3eb276cb"
        },
        "requires": {},
        "sources": [
            {
                "url": "https://pypi.python.org/simple",
                "verify_ssl": true
            }
        ]
    },
    "default": {
        "six": {
            "version": "==1.11.0"
        },
        "websocket-client": {
            "version": "==0.44.0"
        }
    },
    "develop": {}
}
